// !$*UTF8*$!
{
	archiveVersion = 1;
	classes = {
	};
	objectVersion = 56;
	objects = {

/* Begin PBXBuildFile section */
		EC41C0F92CA6875400D91D3E /* AppIdeaApp.swift in Sources */ = {isa = PBXBuildFile; fileRef = EC41C0F82CA6875400D91D3E /* AppIdeaApp.swift */; };
		EC41C0FB2CA6875400D91D3E /* AppIdeaView.swift in Sources */ = {isa = PBXBuildFile; fileRef = EC41C0FA2CA6875400D91D3E /* AppIdeaView.swift */; };
		EC41C0FD2CA6875600D91D3E /* Assets.xcassets in Resources */ = {isa = PBXBuildFile; fileRef = EC41C0FC2CA6875600D91D3E /* Assets.xcassets */; };
		EC41C1002CA6875600D91D3E /* Preview Assets.xcassets in Resources */ = {isa = PBXBuildFile; fileRef = EC41C0FF2CA6875600D91D3E /* Preview Assets.xcassets */; };
		EC41C1072CA687F700D91D3E /* AppIdea.swift in Sources */ = {isa = PBXBuildFile; fileRef = EC41C1062CA687F700D91D3E /* AppIdea.swift */; };
		EC41C1092CA688C300D91D3E /* AppFeature.swift in Sources */ = {isa = PBXBuildFile; fileRef = EC41C1082CA688C300D91D3E /* AppFeature.swift */; };
		EC41C10B2CA6905500D91D3E /* EditAppIdeaView.swift in Sources */ = {isa = PBXBuildFile; fileRef = EC41C10A2CA6905500D91D3E /* EditAppIdeaView.swift */; };
		EC41C10D2CA69AA900D91D3E /* AppIdeaListRow.swift in Sources */ = {isa = PBXBuildFile; fileRef = EC41C10C2CA69AA900D91D3E /* AppIdeaListRow.swift */; };
		EC41C1162CA6AB4200D91D3E /* WidgetKit.framework in Frameworks */ = {isa = PBXBuildFile; fileRef = EC41C1152CA6AB4200D91D3E /* WidgetKit.framework */; };
		EC41C1182CA6AB4200D91D3E /* SwiftUI.framework in Frameworks */ = {isa = PBXBuildFile; fileRef = EC41C1172CA6AB4200D91D3E /* SwiftUI.framework */; };
		EC41C11B2CA6AB4200D91D3E /* AppIdeaWidgetBundle.swift in Sources */ = {isa = PBXBuildFile; fileRef = EC41C11A2CA6AB4200D91D3E /* AppIdeaWidgetBundle.swift */; };
		EC41C11D2CA6AB4200D91D3E /* AppIdeaWidgetLiveActivity.swift in Sources */ = {isa = PBXBuildFile; fileRef = EC41C11C2CA6AB4200D91D3E /* AppIdeaWidgetLiveActivity.swift */; };
		EC41C11F2CA6AB4200D91D3E /* AppIdeaWidget.swift in Sources */ = {isa = PBXBuildFile; fileRef = EC41C11E2CA6AB4200D91D3E /* AppIdeaWidget.swift */; };
		EC41C1212CA6AB4200D91D3E /* AppIntent.swift in Sources */ = {isa = PBXBuildFile; fileRef = EC41C1202CA6AB4200D91D3E /* AppIntent.swift */; };
		EC41C1232CA6AB4500D91D3E /* Assets.xcassets in Resources */ = {isa = PBXBuildFile; fileRef = EC41C1222CA6AB4500D91D3E /* Assets.xcassets */; };
		EC41C1272CA6AB4500D91D3E /* AppIdeaWidgetExtension.appex in Embed Foundation Extensions */ = {isa = PBXBuildFile; fileRef = EC41C1132CA6AB4200D91D3E /* AppIdeaWidgetExtension.appex */; settings = {ATTRIBUTES = (RemoveHeadersOnCopy, ); }; };
		EC41C12D2CA6AC0100D91D3E /* AppIdea.swift in Sources */ = {isa = PBXBuildFile; fileRef = EC41C1062CA687F700D91D3E /* AppIdea.swift */; };
		EC41C12E2CA6AE3800D91D3E /* AppFeature.swift in Sources */ = {isa = PBXBuildFile; fileRef = EC41C1082CA688C300D91D3E /* AppFeature.swift */; };
/* End PBXBuildFile section */

/* Begin PBXContainerItemProxy section */
		EC41C1252CA6AB4500D91D3E /* PBXContainerItemProxy */ = {
			isa = PBXContainerItemProxy;
			containerPortal = EC41C0ED2CA6875300D91D3E /* Project object */;
			proxyType = 1;
			remoteGlobalIDString = EC41C1122CA6AB4200D91D3E;
			remoteInfo = AppIdeaWidgetExtension;
		};
/* End PBXContainerItemProxy section */

/* Begin PBXCopyFilesBuildPhase section */
		EC41C12B2CA6AB4500D91D3E /* Embed Foundation Extensions */ = {
			isa = PBXCopyFilesBuildPhase;
			buildActionMask = 2147483647;
			dstPath = "";
			dstSubfolderSpec = 13;
			files = (
				EC41C1272CA6AB4500D91D3E /* AppIdeaWidgetExtension.appex in Embed Foundation Extensions */,
			);
			name = "Embed Foundation Extensions";
			runOnlyForDeploymentPostprocessing = 0;
		};
/* End PBXCopyFilesBuildPhase section */

/* Begin PBXFileReference section */
		EC41C0F52CA6875300D91D3E /* AppIdea.app */ = {isa = PBXFileReference; explicitFileType = wrapper.application; includeInIndex = 0; path = AppIdea.app; sourceTree = BUILT_PRODUCTS_DIR; };
		EC41C0F82CA6875400D91D3E /* AppIdeaApp.swift */ = {isa = PBXFileReference; lastKnownFileType = sourcecode.swift; path = AppIdeaApp.swift; sourceTree = "<group>"; };
		EC41C0FA2CA6875400D91D3E /* AppIdeaView.swift */ = {isa = PBXFileReference; lastKnownFileType = sourcecode.swift; path = AppIdeaView.swift; sourceTree = "<group>"; };
		EC41C0FC2CA6875600D91D3E /* Assets.xcassets */ = {isa = PBXFileReference; lastKnownFileType = folder.assetcatalog; path = Assets.xcassets; sourceTree = "<group>"; };
		EC41C0FF2CA6875600D91D3E /* Preview Assets.xcassets */ = {isa = PBXFileReference; lastKnownFileType = folder.assetcatalog; path = "Preview Assets.xcassets"; sourceTree = "<group>"; };
		EC41C1062CA687F700D91D3E /* AppIdea.swift */ = {isa = PBXFileReference; lastKnownFileType = sourcecode.swift; path = AppIdea.swift; sourceTree = "<group>"; };
		EC41C1082CA688C300D91D3E /* AppFeature.swift */ = {isa = PBXFileReference; lastKnownFileType = sourcecode.swift; path = AppFeature.swift; sourceTree = "<group>"; };
		EC41C10A2CA6905500D91D3E /* EditAppIdeaView.swift */ = {isa = PBXFileReference; lastKnownFileType = sourcecode.swift; path = EditAppIdeaView.swift; sourceTree = "<group>"; };
		EC41C10C2CA69AA900D91D3E /* AppIdeaListRow.swift */ = {isa = PBXFileReference; lastKnownFileType = sourcecode.swift; path = AppIdeaListRow.swift; sourceTree = "<group>"; };
		EC41C10E2CA6A92D00D91D3E /* AppIdea.entitlements */ = {isa = PBXFileReference; lastKnownFileType = text.plist.entitlements; path = AppIdea.entitlements; sourceTree = "<group>"; };
		EC41C1132CA6AB4200D91D3E /* AppIdeaWidgetExtension.appex */ = {isa = PBXFileReference; explicitFileType = "wrapper.app-extension"; includeInIndex = 0; path = AppIdeaWidgetExtension.appex; sourceTree = BUILT_PRODUCTS_DIR; };
		EC41C1152CA6AB4200D91D3E /* WidgetKit.framework */ = {isa = PBXFileReference; lastKnownFileType = wrapper.framework; name = WidgetKit.framework; path = System/Library/Frameworks/WidgetKit.framework; sourceTree = SDKROOT; };
		EC41C1172CA6AB4200D91D3E /* SwiftUI.framework */ = {isa = PBXFileReference; lastKnownFileType = wrapper.framework; name = SwiftUI.framework; path = System/Library/Frameworks/SwiftUI.framework; sourceTree = SDKROOT; };
		EC41C11A2CA6AB4200D91D3E /* AppIdeaWidgetBundle.swift */ = {isa = PBXFileReference; lastKnownFileType = sourcecode.swift; path = AppIdeaWidgetBundle.swift; sourceTree = "<group>"; };
		EC41C11C2CA6AB4200D91D3E /* AppIdeaWidgetLiveActivity.swift */ = {isa = PBXFileReference; lastKnownFileType = sourcecode.swift; path = AppIdeaWidgetLiveActivity.swift; sourceTree = "<group>"; };
		EC41C11E2CA6AB4200D91D3E /* AppIdeaWidget.swift */ = {isa = PBXFileReference; lastKnownFileType = sourcecode.swift; path = AppIdeaWidget.swift; sourceTree = "<group>"; };
		EC41C1202CA6AB4200D91D3E /* AppIntent.swift */ = {isa = PBXFileReference; lastKnownFileType = sourcecode.swift; path = AppIntent.swift; sourceTree = "<group>"; };
		EC41C1222CA6AB4500D91D3E /* Assets.xcassets */ = {isa = PBXFileReference; lastKnownFileType = folder.assetcatalog; path = Assets.xcassets; sourceTree = "<group>"; };
		EC41C1242CA6AB4500D91D3E /* Info.plist */ = {isa = PBXFileReference; lastKnownFileType = text.plist.xml; path = Info.plist; sourceTree = "<group>"; };
		EC41C12F2CA6AF0000D91D3E /* AppIdeaWidgetExtension.entitlements */ = {isa = PBXFileReference; lastKnownFileType = text.plist.entitlements; path = AppIdeaWidgetExtension.entitlements; sourceTree = "<group>"; };
/* End PBXFileReference section */

/* Begin PBXFrameworksBuildPhase section */
		EC41C0F22CA6875300D91D3E /* Frameworks */ = {
			isa = PBXFrameworksBuildPhase;
			buildActionMask = 2147483647;
			files = (
			);
			runOnlyForDeploymentPostprocessing = 0;
		};
		EC41C1102CA6AB4200D91D3E /* Frameworks */ = {
			isa = PBXFrameworksBuildPhase;
			buildActionMask = 2147483647;
			files = (
				EC41C1182CA6AB4200D91D3E /* SwiftUI.framework in Frameworks */,
				EC41C1162CA6AB4200D91D3E /* WidgetKit.framework in Frameworks */,
			);
			runOnlyForDeploymentPostprocessing = 0;
		};
/* End PBXFrameworksBuildPhase section */

/* Begin PBXGroup section */
		EC41C0EC2CA6875300D91D3E = {
			isa = PBXGroup;
			children = (
				EC41C12F2CA6AF0000D91D3E /* AppIdeaWidgetExtension.entitlements */,
				EC41C0F72CA6875400D91D3E /* AppIdea */,
				EC41C1192CA6AB4200D91D3E /* AppIdeaWidget */,
				EC41C1142CA6AB4200D91D3E /* Frameworks */,
				EC41C0F62CA6875300D91D3E /* Products */,
			);
			sourceTree = "<group>";
		};
		EC41C0F62CA6875300D91D3E /* Products */ = {
			isa = PBXGroup;
			children = (
				EC41C0F52CA6875300D91D3E /* AppIdea.app */,
				EC41C1132CA6AB4200D91D3E /* AppIdeaWidgetExtension.appex */,
			);
			name = Products;
			sourceTree = "<group>";
		};
		EC41C0F72CA6875400D91D3E /* AppIdea */ = {
			isa = PBXGroup;
			children = (
				EC41C10E2CA6A92D00D91D3E /* AppIdea.entitlements */,
				EC41C0F82CA6875400D91D3E /* AppIdeaApp.swift */,
				EC41C0FA2CA6875400D91D3E /* AppIdeaView.swift */,
				EC41C10C2CA69AA900D91D3E /* AppIdeaListRow.swift */,
				EC41C1062CA687F700D91D3E /* AppIdea.swift */,
				EC41C10A2CA6905500D91D3E /* EditAppIdeaView.swift */,
				EC41C1082CA688C300D91D3E /* AppFeature.swift */,
				EC41C0FC2CA6875600D91D3E /* Assets.xcassets */,
				EC41C0FE2CA6875600D91D3E /* Preview Content */,
			);
			path = AppIdea;
			sourceTree = "<group>";
		};
		EC41C0FE2CA6875600D91D3E /* Preview Content */ = {
			isa = PBXGroup;
			children = (
				EC41C0FF2CA6875600D91D3E /* Preview Assets.xcassets */,
			);
			path = "Preview Content";
			sourceTree = "<group>";
		};
		EC41C1142CA6AB4200D91D3E /* Frameworks */ = {
			isa = PBXGroup;
			children = (
				EC41C1152CA6AB4200D91D3E /* WidgetKit.framework */,
				EC41C1172CA6AB4200D91D3E /* SwiftUI.framework */,
			);
			name = Frameworks;
			sourceTree = "<group>";
		};
		EC41C1192CA6AB4200D91D3E /* AppIdeaWidget */ = {
			isa = PBXGroup;
			children = (
				EC41C11A2CA6AB4200D91D3E /* AppIdeaWidgetBundle.swift */,
				EC41C11C2CA6AB4200D91D3E /* AppIdeaWidgetLiveActivity.swift */,
				EC41C11E2CA6AB4200D91D3E /* AppIdeaWidget.swift */,
				EC41C1202CA6AB4200D91D3E /* AppIntent.swift */,
				EC41C1222CA6AB4500D91D3E /* Assets.xcassets */,
				EC41C1242CA6AB4500D91D3E /* Info.plist */,
			);
			path = AppIdeaWidget;
			sourceTree = "<group>";
		};
/* End PBXGroup section */

/* Begin PBXNativeTarget section */
		EC41C0F42CA6875300D91D3E /* AppIdea */ = {
			isa = PBXNativeTarget;
			buildConfigurationList = EC41C1032CA6875600D91D3E /* Build configuration list for PBXNativeTarget "AppIdea" */;
			buildPhases = (
				EC41C0F12CA6875300D91D3E /* Sources */,
				EC41C0F22CA6875300D91D3E /* Frameworks */,
				EC41C0F32CA6875300D91D3E /* Resources */,
				EC41C12B2CA6AB4500D91D3E /* Embed Foundation Extensions */,
			);
			buildRules = (
			);
			dependencies = (
				EC41C1262CA6AB4500D91D3E /* PBXTargetDependency */,
			);
			name = AppIdea;
			productName = AppIdea;
			productReference = EC41C0F52CA6875300D91D3E /* AppIdea.app */;
			productType = "com.apple.product-type.application";
		};
		EC41C1122CA6AB4200D91D3E /* AppIdeaWidgetExtension */ = {
			isa = PBXNativeTarget;
			buildConfigurationList = EC41C1282CA6AB4500D91D3E /* Build configuration list for PBXNativeTarget "AppIdeaWidgetExtension" */;
			buildPhases = (
				EC41C10F2CA6AB4200D91D3E /* Sources */,
				EC41C1102CA6AB4200D91D3E /* Frameworks */,
				EC41C1112CA6AB4200D91D3E /* Resources */,
			);
			buildRules = (
			);
			dependencies = (
			);
			name = AppIdeaWidgetExtension;
			productName = AppIdeaWidgetExtension;
			productReference = EC41C1132CA6AB4200D91D3E /* AppIdeaWidgetExtension.appex */;
			productType = "com.apple.product-type.app-extension";
		};
/* End PBXNativeTarget section */

/* Begin PBXProject section */
		EC41C0ED2CA6875300D91D3E /* Project object */ = {
			isa = PBXProject;
			attributes = {
				BuildIndependentTargetsInParallel = 1;
				LastSwiftUpdateCheck = 1540;
				LastUpgradeCheck = 1540;
				TargetAttributes = {
					EC41C0F42CA6875300D91D3E = {
						CreatedOnToolsVersion = 15.4;
					};
					EC41C1122CA6AB4200D91D3E = {
						CreatedOnToolsVersion = 15.4;
					};
				};
			};
			buildConfigurationList = EC41C0F02CA6875300D91D3E /* Build configuration list for PBXProject "AppIdea" */;
			compatibilityVersion = "Xcode 14.0";
			developmentRegion = en;
			hasScannedForEncodings = 0;
			knownRegions = (
				en,
				Base,
			);
			mainGroup = EC41C0EC2CA6875300D91D3E;
			productRefGroup = EC41C0F62CA6875300D91D3E /* Products */;
			projectDirPath = "";
			projectRoot = "";
			targets = (
				EC41C0F42CA6875300D91D3E /* AppIdea */,
				EC41C1122CA6AB4200D91D3E /* AppIdeaWidgetExtension */,
			);
		};
/* End PBXProject section */

/* Begin PBXResourcesBuildPhase section */
		EC41C0F32CA6875300D91D3E /* Resources */ = {
			isa = PBXResourcesBuildPhase;
			buildActionMask = 2147483647;
			files = (
				EC41C1002CA6875600D91D3E /* Preview Assets.xcassets in Resources */,
				EC41C0FD2CA6875600D91D3E /* Assets.xcassets in Resources */,
			);
			runOnlyForDeploymentPostprocessing = 0;
		};
		EC41C1112CA6AB4200D91D3E /* Resources */ = {
			isa = PBXResourcesBuildPhase;
			buildActionMask = 2147483647;
			files = (
				EC41C1232CA6AB4500D91D3E /* Assets.xcassets in Resources */,
			);
			runOnlyForDeploymentPostprocessing = 0;
		};
/* End PBXResourcesBuildPhase section */

/* Begin PBXSourcesBuildPhase section */
		EC41C0F12CA6875300D91D3E /* Sources */ = {
			isa = PBXSourcesBuildPhase;
			buildActionMask = 2147483647;
			files = (
				EC41C1092CA688C300D91D3E /* AppFeature.swift in Sources */,
				EC41C0FB2CA6875400D91D3E /* AppIdeaView.swift in Sources */,
				EC41C0F92CA6875400D91D3E /* AppIdeaApp.swift in Sources */,
				EC41C10D2CA69AA900D91D3E /* AppIdeaListRow.swift in Sources */,
				EC41C1072CA687F700D91D3E /* AppIdea.swift in Sources */,
				EC41C10B2CA6905500D91D3E /* EditAppIdeaView.swift in Sources */,
			);
			runOnlyForDeploymentPostprocessing = 0;
		};
		EC41C10F2CA6AB4200D91D3E /* Sources */ = {
			isa = PBXSourcesBuildPhase;
			buildActionMask = 2147483647;
			files = (
				EC41C12E2CA6AE3800D91D3E /* AppFeature.swift in Sources */,
				EC41C11B2CA6AB4200D91D3E /* AppIdeaWidgetBundle.swift in Sources */,
				EC41C1212CA6AB4200D91D3E /* AppIntent.swift in Sources */,
				EC41C11F2CA6AB4200D91D3E /* AppIdeaWidget.swift in Sources */,
				EC41C11D2CA6AB4200D91D3E /* AppIdeaWidgetLiveActivity.swift in Sources */,
				EC41C12D2CA6AC0100D91D3E /* AppIdea.swift in Sources */,
			);
			runOnlyForDeploymentPostprocessing = 0;
		};
/* End PBXSourcesBuildPhase section */

/* Begin PBXTargetDependency section */
		EC41C1262CA6AB4500D91D3E /* PBXTargetDependency */ = {
			isa = PBXTargetDependency;
			target = EC41C1122CA6AB4200D91D3E /* AppIdeaWidgetExtension */;
			targetProxy = EC41C1252CA6AB4500D91D3E /* PBXContainerItemProxy */;
		};
/* End PBXTargetDependency section */

/* Begin XCBuildConfiguration section */
		EC41C1012CA6875600D91D3E /* Debug */ = {
			isa = XCBuildConfiguration;
			buildSettings = {
				ALWAYS_SEARCH_USER_PATHS = NO;
				ASSETCATALOG_COMPILER_GENERATE_SWIFT_ASSET_SYMBOL_EXTENSIONS = YES;
				CLANG_ANALYZER_NONNULL = YES;
				CLANG_ANALYZER_NUMBER_OBJECT_CONVERSION = YES_AGGRESSIVE;
				CLANG_CXX_LANGUAGE_STANDARD = "gnu++20";
				CLANG_ENABLE_MODULES = YES;
				CLANG_ENABLE_OBJC_ARC = YES;
				CLANG_ENABLE_OBJC_WEAK = YES;
				CLANG_WARN_BLOCK_CAPTURE_AUTORELEASING = YES;
				CLANG_WARN_BOOL_CONVERSION = YES;
				CLANG_WARN_COMMA = YES;
				CLANG_WARN_CONSTANT_CONVERSION = YES;
				CLANG_WARN_DEPRECATED_OBJC_IMPLEMENTATIONS = YES;
				CLANG_WARN_DIRECT_OBJC_ISA_USAGE = YES_ERROR;
				CLANG_WARN_DOCUMENTATION_COMMENTS = YES;
				CLANG_WARN_EMPTY_BODY = YES;
				CLANG_WARN_ENUM_CONVERSION = YES;
				CLANG_WARN_INFINITE_RECURSION = YES;
				CLANG_WARN_INT_CONVERSION = YES;
				CLANG_WARN_NON_LITERAL_NULL_CONVERSION = YES;
				CLANG_WARN_OBJC_IMPLICIT_RETAIN_SELF = YES;
				CLANG_WARN_OBJC_LITERAL_CONVERSION = YES;
				CLANG_WARN_OBJC_ROOT_CLASS = YES_ERROR;
				CLANG_WARN_QUOTED_INCLUDE_IN_FRAMEWORK_HEADER = YES;
				CLANG_WARN_RANGE_LOOP_ANALYSIS = YES;
				CLANG_WARN_STRICT_PROTOTYPES = YES;
				CLANG_WARN_SUSPICIOUS_MOVE = YES;
				CLANG_WARN_UNGUARDED_AVAILABILITY = YES_AGGRESSIVE;
				CLANG_WARN_UNREACHABLE_CODE = YES;
				CLANG_WARN__DUPLICATE_METHOD_MATCH = YES;
				COPY_PHASE_STRIP = NO;
				DEBUG_INFORMATION_FORMAT = dwarf;
				ENABLE_STRICT_OBJC_MSGSEND = YES;
				ENABLE_TESTABILITY = YES;
				ENABLE_USER_SCRIPT_SANDBOXING = YES;
				GCC_C_LANGUAGE_STANDARD = gnu17;
				GCC_DYNAMIC_NO_PIC = NO;
				GCC_NO_COMMON_BLOCKS = YES;
				GCC_OPTIMIZATION_LEVEL = 0;
				GCC_PREPROCESSOR_DEFINITIONS = (
					"DEBUG=1",
					"$(inherited)",
				);
				GCC_WARN_64_TO_32_BIT_CONVERSION = YES;
				GCC_WARN_ABOUT_RETURN_TYPE = YES_ERROR;
				GCC_WARN_UNDECLARED_SELECTOR = YES;
				GCC_WARN_UNINITIALIZED_AUTOS = YES_AGGRESSIVE;
				GCC_WARN_UNUSED_FUNCTION = YES;
				GCC_WARN_UNUSED_VARIABLE = YES;
				IPHONEOS_DEPLOYMENT_TARGET = 17.5;
				LOCALIZATION_PREFERS_STRING_CATALOGS = YES;
				MTL_ENABLE_DEBUG_INFO = INCLUDE_SOURCE;
				MTL_FAST_MATH = YES;
				ONLY_ACTIVE_ARCH = YES;
				SDKROOT = iphoneos;
				SWIFT_ACTIVE_COMPILATION_CONDITIONS = "DEBUG $(inherited)";
				SWIFT_OPTIMIZATION_LEVEL = "-Onone";
			};
			name = Debug;
		};
		EC41C1022CA6875600D91D3E /* Release */ = {
			isa = XCBuildConfiguration;
			buildSettings = {
				ALWAYS_SEARCH_USER_PATHS = NO;
				ASSETCATALOG_COMPILER_GENERATE_SWIFT_ASSET_SYMBOL_EXTENSIONS = YES;
				CLANG_ANALYZER_NONNULL = YES;
				CLANG_ANALYZER_NUMBER_OBJECT_CONVERSION = YES_AGGRESSIVE;
				CLANG_CXX_LANGUAGE_STANDARD = "gnu++20";
				CLANG_ENABLE_MODULES = YES;
				CLANG_ENABLE_OBJC_ARC = YES;
				CLANG_ENABLE_OBJC_WEAK = YES;
				CLANG_WARN_BLOCK_CAPTURE_AUTORELEASING = YES;
				CLANG_WARN_BOOL_CONVERSION = YES;
				CLANG_WARN_COMMA = YES;
				CLANG_WARN_CONSTANT_CONVERSION = YES;
				CLANG_WARN_DEPRECATED_OBJC_IMPLEMENTATIONS = YES;
				CLANG_WARN_DIRECT_OBJC_ISA_USAGE = YES_ERROR;
				CLANG_WARN_DOCUMENTATION_COMMENTS = YES;
				CLANG_WARN_EMPTY_BODY = YES;
				CLANG_WARN_ENUM_CONVERSION = YES;
				CLANG_WARN_INFINITE_RECURSION = YES;
				CLANG_WARN_INT_CONVERSION = YES;
				CLANG_WARN_NON_LITERAL_NULL_CONVERSION = YES;
				CLANG_WARN_OBJC_IMPLICIT_RETAIN_SELF = YES;
				CLANG_WARN_OBJC_LITERAL_CONVERSION = YES;
				CLANG_WARN_OBJC_ROOT_CLASS = YES_ERROR;
				CLANG_WARN_QUOTED_INCLUDE_IN_FRAMEWORK_HEADER = YES;
				CLANG_WARN_RANGE_LOOP_ANALYSIS = YES;
				CLANG_WARN_STRICT_PROTOTYPES = YES;
				CLANG_WARN_SUSPICIOUS_MOVE = YES;
				CLANG_WARN_UNGUARDED_AVAILABILITY = YES_AGGRESSIVE;
				CLANG_WARN_UNREACHABLE_CODE = YES;
				CLANG_WARN__DUPLICATE_METHOD_MATCH = YES;
				COPY_PHASE_STRIP = NO;
				DEBUG_INFORMATION_FORMAT = "dwarf-with-dsym";
				ENABLE_NS_ASSERTIONS = NO;
				ENABLE_STRICT_OBJC_MSGSEND = YES;
				ENABLE_USER_SCRIPT_SANDBOXING = YES;
				GCC_C_LANGUAGE_STANDARD = gnu17;
				GCC_NO_COMMON_BLOCKS = YES;
				GCC_WARN_64_TO_32_BIT_CONVERSION = YES;
				GCC_WARN_ABOUT_RETURN_TYPE = YES_ERROR;
				GCC_WARN_UNDECLARED_SELECTOR = YES;
				GCC_WARN_UNINITIALIZED_AUTOS = YES_AGGRESSIVE;
				GCC_WARN_UNUSED_FUNCTION = YES;
				GCC_WARN_UNUSED_VARIABLE = YES;
				IPHONEOS_DEPLOYMENT_TARGET = 17.5;
				LOCALIZATION_PREFERS_STRING_CATALOGS = YES;
				MTL_ENABLE_DEBUG_INFO = NO;
				MTL_FAST_MATH = YES;
				SDKROOT = iphoneos;
				SWIFT_COMPILATION_MODE = wholemodule;
				VALIDATE_PRODUCT = YES;
			};
			name = Release;
		};
		EC41C1042CA6875600D91D3E /* Debug */ = {
			isa = XCBuildConfiguration;
			buildSettings = {
				ALWAYS_EMBED_SWIFT_STANDARD_LIBRARIES = YES;
				ASSETCATALOG_COMPILER_APPICON_NAME = AppIcon;
				ASSETCATALOG_COMPILER_GLOBAL_ACCENT_COLOR_NAME = AccentColor;
				CODE_SIGN_ENTITLEMENTS = AppIdea/AppIdea.entitlements;
				CODE_SIGN_STYLE = Automatic;
				CURRENT_PROJECT_VERSION = 1;
				DEVELOPMENT_ASSET_PATHS = "\"AppIdea/Preview Content\"";
				DEVELOPMENT_TEAM = S7VDAK3AXN;
				ENABLE_PREVIEWS = YES;
				GENERATE_INFOPLIST_FILE = YES;
				INFOPLIST_KEY_UIApplicationSceneManifest_Generation = YES;
				INFOPLIST_KEY_UIApplicationSupportsIndirectInputEvents = YES;
				INFOPLIST_KEY_UILaunchScreen_Generation = YES;
				INFOPLIST_KEY_UISupportedInterfaceOrientations_iPad = "UIInterfaceOrientationPortrait UIInterfaceOrientationPortraitUpsideDown UIInterfaceOrientationLandscapeLeft UIInterfaceOrientationLandscapeRight";
				INFOPLIST_KEY_UISupportedInterfaceOrientations_iPhone = "UIInterfaceOrientationPortrait UIInterfaceOrientationLandscapeLeft UIInterfaceOrientationLandscapeRight";
				LD_RUNPATH_SEARCH_PATHS = (
					"$(inherited)",
					"@executable_path/Frameworks",
				);
				MARKETING_VERSION = 1.0;
				PRODUCT_BUNDLE_IDENTIFIER = com.enestalhaucar.AppIdea;
				PRODUCT_NAME = "$(TARGET_NAME)";
				SWIFT_EMIT_LOC_STRINGS = YES;
				SWIFT_VERSION = 5.0;
				TARGETED_DEVICE_FAMILY = "1,2";
			};
			name = Debug;
		};
		EC41C1052CA6875600D91D3E /* Release */ = {
			isa = XCBuildConfiguration;
			buildSettings = {
				ALWAYS_EMBED_SWIFT_STANDARD_LIBRARIES = YES;
				ASSETCATALOG_COMPILER_APPICON_NAME = AppIcon;
				ASSETCATALOG_COMPILER_GLOBAL_ACCENT_COLOR_NAME = AccentColor;
				CODE_SIGN_ENTITLEMENTS = AppIdea/AppIdea.entitlements;
				CODE_SIGN_STYLE = Automatic;
				CURRENT_PROJECT_VERSION = 1;
				DEVELOPMENT_ASSET_PATHS = "\"AppIdea/Preview Content\"";
				DEVELOPMENT_TEAM = S7VDAK3AXN;
				ENABLE_PREVIEWS = YES;
				GENERATE_INFOPLIST_FILE = YES;
				INFOPLIST_KEY_UIApplicationSceneManifest_Generation = YES;
				INFOPLIST_KEY_UIApplicationSupportsIndirectInputEvents = YES;
				INFOPLIST_KEY_UILaunchScreen_Generation = YES;
				INFOPLIST_KEY_UISupportedInterfaceOrientations_iPad = "UIInterfaceOrientationPortrait UIInterfaceOrientationPortraitUpsideDown UIInterfaceOrientationLandscapeLeft UIInterfaceOrientationLandscapeRight";
				INFOPLIST_KEY_UISupportedInterfaceOrientations_iPhone = "UIInterfaceOrientationPortrait UIInterfaceOrientationLandscapeLeft UIInterfaceOrientationLandscapeRight";
				LD_RUNPATH_SEARCH_PATHS = (
					"$(inherited)",
					"@executable_path/Frameworks",
				);
				MARKETING_VERSION = 1.0;
				PRODUCT_BUNDLE_IDENTIFIER = com.enestalhaucar.AppIdea;
				PRODUCT_NAME = "$(TARGET_NAME)";
				SWIFT_EMIT_LOC_STRINGS = YES;
				SWIFT_VERSION = 5.0;
				TARGETED_DEVICE_FAMILY = "1,2";
			};
			name = Release;
		};
		EC41C1292CA6AB4500D91D3E /* Debug */ = {
			isa = XCBuildConfiguration;
			buildSettings = {
				ASSETCATALOG_COMPILER_GLOBAL_ACCENT_COLOR_NAME = AccentColor;
				ASSETCATALOG_COMPILER_WIDGET_BACKGROUND_COLOR_NAME = WidgetBackground;
				CODE_SIGN_ENTITLEMENTS = AppIdeaWidgetExtension.entitlements;
				CODE_SIGN_STYLE = Automatic;
				CURRENT_PROJECT_VERSION = 1;
				DEVELOPMENT_TEAM = S7VDAK3AXN;
				GENERATE_INFOPLIST_FILE = YES;
				INFOPLIST_FILE = AppIdeaWidget/Info.plist;
				INFOPLIST_KEY_CFBundleDisplayName = AppIdeaWidget;
				INFOPLIST_KEY_NSHumanReadableCopyright = "";
				LD_RUNPATH_SEARCH_PATHS = (
					"$(inherited)",
					"@executable_path/Frameworks",
					"@executable_path/../../Frameworks",
				);
				MARKETING_VERSION = 1.0;
				PRODUCT_BUNDLE_IDENTIFIER = com.enestalhaucar.AppIdea.AppIdeaWidget;
				PRODUCT_NAME = "$(TARGET_NAME)";
				SKIP_INSTALL = YES;
				SWIFT_EMIT_LOC_STRINGS = YES;
				SWIFT_VERSION = 5.0;
				TARGETED_DEVICE_FAMILY = "1,2";
			};
			name = Debug;
		};
		EC41C12A2CA6AB4500D91D3E /* Release */ = {
			isa = XCBuildConfiguration;
			buildSettings = {
				ASSETCATALOG_COMPILER_GLOBAL_ACCENT_COLOR_NAME = AccentColor;
				ASSETCATALOG_COMPILER_WIDGET_BACKGROUND_COLOR_NAME = WidgetBackground;
				CODE_SIGN_ENTITLEMENTS = AppIdeaWidgetExtension.entitlements;
				CODE_SIGN_STYLE = Automatic;
				CURRENT_PROJECT_VERSION = 1;
				DEVELOPMENT_TEAM = S7VDAK3AXN;
				GENERATE_INFOPLIST_FILE = YES;
				INFOPLIST_FILE = AppIdeaWidget/Info.plist;
				INFOPLIST_KEY_CFBundleDisplayName = AppIdeaWidget;
				INFOPLIST_KEY_NSHumanReadableCopyright = "";
				LD_RUNPATH_SEARCH_PATHS = (
					"$(inherited)",
					"@executable_path/Frameworks",
					"@executable_path/../../Frameworks",
				);
				MARKETING_VERSION = 1.0;
				PRODUCT_BUNDLE_IDENTIFIER = com.enestalhaucar.AppIdea.AppIdeaWidget;
				PRODUCT_NAME = "$(TARGET_NAME)";
				SKIP_INSTALL = YES;
				SWIFT_EMIT_LOC_STRINGS = YES;
				SWIFT_VERSION = 5.0;
				TARGETED_DEVICE_FAMILY = "1,2";
			};
			name = Release;
		};
/* End XCBuildConfiguration section */

/* Begin XCConfigurationList section */
		EC41C0F02CA6875300D91D3E /* Build configuration list for PBXProject "AppIdea" */ = {
			isa = XCConfigurationList;
			buildConfigurations = (
				EC41C1012CA6875600D91D3E /* Debug */,
				EC41C1022CA6875600D91D3E /* Release */,
			);
			defaultConfigurationIsVisible = 0;
			defaultConfigurationName = Release;
		};
		EC41C1032CA6875600D91D3E /* Build configuration list for PBXNativeTarget "AppIdea" */ = {
			isa = XCConfigurationList;
			buildConfigurations = (
				EC41C1042CA6875600D91D3E /* Debug */,
				EC41C1052CA6875600D91D3E /* Release */,
			);
			defaultConfigurationIsVisible = 0;
			defaultConfigurationName = Release;
		};
		EC41C1282CA6AB4500D91D3E /* Build configuration list for PBXNativeTarget "AppIdeaWidgetExtension" */ = {
			isa = XCConfigurationList;
			buildConfigurations = (
				EC41C1292CA6AB4500D91D3E /* Debug */,
				EC41C12A2CA6AB4500D91D3E /* Release */,
			);
			defaultConfigurationIsVisible = 0;
			defaultConfigurationName = Release;
		};
/* End XCConfigurationList section */
	};
	rootObject = EC41C0ED2CA6875300D91D3E /* Project object */;
}
